// !$*UTF8*$!
{
	archiveVersion = 1;
	classes = {
	};
	objectVersion = 55;
	objects = {

/* Begin PBXBuildFile section */
		1140BB7E5B1701943E51334A /* Pods_CovidStats.framework in Frameworks */ = {isa = PBXBuildFile; fileRef = 24B813AB22AE343A0F1F04E9 /* Pods_CovidStats.framework */; };
		4D3BA5F327E9ECEE003F799E /* CovidStatsApp.swift in Sources */ = {isa = PBXBuildFile; fileRef = 4D3BA5F227E9ECEE003F799E /* CovidStatsApp.swift */; };
		4D3BA5F527E9ECEE003F799E /* ContentView.swift in Sources */ = {isa = PBXBuildFile; fileRef = 4D3BA5F427E9ECEE003F799E /* ContentView.swift */; };
		4D3BA5F727E9ECF2003F799E /* Assets.xcassets in Resources */ = {isa = PBXBuildFile; fileRef = 4D3BA5F627E9ECF2003F799E /* Assets.xcassets */; };
		4D3BA5FA27E9ECF2003F799E /* Preview Assets.xcassets in Resources */ = {isa = PBXBuildFile; fileRef = 4D3BA5F927E9ECF2003F799E /* Preview Assets.xcassets */; };
		4D3BA5FC27E9ECF2003F799E /* Persistence.swift in Sources */ = {isa = PBXBuildFile; fileRef = 4D3BA5FB27E9ECF2003F799E /* Persistence.swift */; };
		4D3BA5FF27E9ECF2003F799E /* CovidStats.xcdatamodeld in Sources */ = {isa = PBXBuildFile; fileRef = 4D3BA5FD27E9ECF2003F799E /* CovidStats.xcdatamodeld */; };
		4D3BA60627E9EFBA003F799E /* CovidFetchRequest.swift in Sources */ = {isa = PBXBuildFile; fileRef = 4D3BA60527E9EFBA003F799E /* CovidFetchRequest.swift */; };
		4D3BA60A27E9FAF0003F799E /* APIService.swift in Sources */ = {isa = PBXBuildFile; fileRef = 4D3BA60927E9FAF0003F799E /* APIService.swift */; };
		4D3BA60C27E9FC7D003F799E /* TotalData.swift in Sources */ = {isa = PBXBuildFile; fileRef = 4D3BA60B27E9FC7D003F799E /* TotalData.swift */; };
		4D3BA60E27E9FDC5003F799E /* CustomError.swift in Sources */ = {isa = PBXBuildFile; fileRef = 4D3BA60D27E9FDC5003F799E /* CustomError.swift */; };
		4D3BA61027EA0249003F799E /* Region.swift in Sources */ = {isa = PBXBuildFile; fileRef = 4D3BA60F27EA0249003F799E /* Region.swift */; };
		4D3BA61327EA04EC003F799E /* Report.swift in Sources */ = {isa = PBXBuildFile; fileRef = 4D3BA61227EA04EC003F799E /* Report.swift */; };
/* End PBXBuildFile section */

/* Begin PBXFileReference section */
		24B813AB22AE343A0F1F04E9 /* Pods_CovidStats.framework */ = {isa = PBXFileReference; explicitFileType = wrapper.framework; includeInIndex = 0; path = Pods_CovidStats.framework; sourceTree = BUILT_PRODUCTS_DIR; };
		4D3BA5EF27E9ECEE003F799E /* CovidStats.app */ = {isa = PBXFileReference; explicitFileType = wrapper.application; includeInIndex = 0; path = CovidStats.app; sourceTree = BUILT_PRODUCTS_DIR; };
		4D3BA5F227E9ECEE003F799E /* CovidStatsApp.swift */ = {isa = PBXFileReference; lastKnownFileType = sourcecode.swift; path = CovidStatsApp.swift; sourceTree = "<group>"; };
		4D3BA5F427E9ECEE003F799E /* ContentView.swift */ = {isa = PBXFileReference; lastKnownFileType = sourcecode.swift; path = ContentView.swift; sourceTree = "<group>"; };
		4D3BA5F627E9ECF2003F799E /* Assets.xcassets */ = {isa = PBXFileReference; lastKnownFileType = folder.assetcatalog; path = Assets.xcassets; sourceTree = "<group>"; };
		4D3BA5F927E9ECF2003F799E /* Preview Assets.xcassets */ = {isa = PBXFileReference; lastKnownFileType = folder.assetcatalog; path = "Preview Assets.xcassets"; sourceTree = "<group>"; };
		4D3BA5FB27E9ECF2003F799E /* Persistence.swift */ = {isa = PBXFileReference; lastKnownFileType = sourcecode.swift; path = Persistence.swift; sourceTree = "<group>"; };
		4D3BA5FE27E9ECF2003F799E /* CovidStats.xcdatamodel */ = {isa = PBXFileReference; lastKnownFileType = wrapper.xcdatamodel; path = CovidStats.xcdatamodel; sourceTree = "<group>"; };
		4D3BA60527E9EFBA003F799E /* CovidFetchRequest.swift */ = {isa = PBXFileReference; lastKnownFileType = sourcecode.swift; path = CovidFetchRequest.swift; sourceTree = "<group>"; };
		4D3BA60927E9FAF0003F799E /* APIService.swift */ = {isa = PBXFileReference; lastKnownFileType = sourcecode.swift; path = APIService.swift; sourceTree = "<group>"; };
		4D3BA60B27E9FC7D003F799E /* TotalData.swift */ = {isa = PBXFileReference; lastKnownFileType = sourcecode.swift; path = TotalData.swift; sourceTree = "<group>"; };
		4D3BA60D27E9FDC5003F799E /* CustomError.swift */ = {isa = PBXFileReference; lastKnownFileType = sourcecode.swift; path = CustomError.swift; sourceTree = "<group>"; };
		4D3BA60F27EA0249003F799E /* Region.swift */ = {isa = PBXFileReference; lastKnownFileType = sourcecode.swift; path = Region.swift; sourceTree = "<group>"; };
		4D3BA61227EA04EC003F799E /* Report.swift */ = {isa = PBXFileReference; lastKnownFileType = sourcecode.swift; path = Report.swift; sourceTree = "<group>"; };
		96200931A202D034F054FE74 /* Pods-CovidStats.release.xcconfig */ = {isa = PBXFileReference; includeInIndex = 1; lastKnownFileType = text.xcconfig; name = "Pods-CovidStats.release.xcconfig"; path = "Target Support Files/Pods-CovidStats/Pods-CovidStats.release.xcconfig"; sourceTree = "<group>"; };
		F6881483FCFBF673609696CA /* Pods-CovidStats.debug.xcconfig */ = {isa = PBXFileReference; includeInIndex = 1; lastKnownFileType = text.xcconfig; name = "Pods-CovidStats.debug.xcconfig"; path = "Target Support Files/Pods-CovidStats/Pods-CovidStats.debug.xcconfig"; sourceTree = "<group>"; };
/* End PBXFileReference section */

/* Begin PBXFrameworksBuildPhase section */
		4D3BA5EC27E9ECEE003F799E /* Frameworks */ = {
			isa = PBXFrameworksBuildPhase;
			buildActionMask = 2147483647;
			files = (
				1140BB7E5B1701943E51334A /* Pods_CovidStats.framework in Frameworks */,
			);
			runOnlyForDeploymentPostprocessing = 0;
		};
/* End PBXFrameworksBuildPhase section */

/* Begin PBXGroup section */
		4091514CF15C23C42E940B17 /* Pods */ = {
			isa = PBXGroup;
			children = (
				F6881483FCFBF673609696CA /* Pods-CovidStats.debug.xcconfig */,
				96200931A202D034F054FE74 /* Pods-CovidStats.release.xcconfig */,
			);
			path = Pods;
			sourceTree = "<group>";
		};
		4D3BA5E627E9ECEE003F799E = {
			isa = PBXGroup;
			children = (
				4D3BA5F127E9ECEE003F799E /* CovidStats */,
				4D3BA5F027E9ECEE003F799E /* Products */,
				4091514CF15C23C42E940B17 /* Pods */,
				F1274B540165D686406E83DA /* Frameworks */,
			);
			sourceTree = "<group>";
		};
		4D3BA5F027E9ECEE003F799E /* Products */ = {
			isa = PBXGroup;
			children = (
				4D3BA5EF27E9ECEE003F799E /* CovidStats.app */,
			);
			name = Products;
			sourceTree = "<group>";
		};
		4D3BA5F127E9ECEE003F799E /* CovidStats */ = {
			isa = PBXGroup;
			children = (
				4D3BA5F227E9ECEE003F799E /* CovidStatsApp.swift */,
				4D3BA60527E9EFBA003F799E /* CovidFetchRequest.swift */,
				4D3BA5F427E9ECEE003F799E /* ContentView.swift */,
				4D3BA61427EA0929003F799E /* NetWorking */,
				4D3BA61527EA0945003F799E /* Errors */,
				4D3BA61127EA0287003F799E /* Model */,
				4D3BA5F627E9ECF2003F799E /* Assets.xcassets */,
				4D3BA5FB27E9ECF2003F799E /* Persistence.swift */,
				4D3BA5FD27E9ECF2003F799E /* CovidStats.xcdatamodeld */,
				4D3BA5F827E9ECF2003F799E /* Preview Content */,
			);
			path = CovidStats;
			sourceTree = "<group>";
		};
		4D3BA5F827E9ECF2003F799E /* Preview Content */ = {
			isa = PBXGroup;
			children = (
				4D3BA5F927E9ECF2003F799E /* Preview Assets.xcassets */,
			);
			path = "Preview Content";
			sourceTree = "<group>";
		};
		4D3BA61127EA0287003F799E /* Model */ = {
			isa = PBXGroup;
			children = (
				4D3BA60B27E9FC7D003F799E /* TotalData.swift */,
				4D3BA60F27EA0249003F799E /* Region.swift */,
				4D3BA61227EA04EC003F799E /* Report.swift */,
			);
			path = Model;
			sourceTree = "<group>";
		};
		4D3BA61427EA0929003F799E /* NetWorking */ = {
			isa = PBXGroup;
			children = (
				4D3BA60927E9FAF0003F799E /* APIService.swift */,
			);
			path = NetWorking;
			sourceTree = "<group>";
		};
		4D3BA61527EA0945003F799E /* Errors */ = {
			isa = PBXGroup;
			children = (
				4D3BA60D27E9FDC5003F799E /* CustomError.swift */,
			);
			path = Errors;
			sourceTree = "<group>";
		};
		F1274B540165D686406E83DA /* Frameworks */ = {
			isa = PBXGroup;
			children = (
				24B813AB22AE343A0F1F04E9 /* Pods_CovidStats.framework */,
			);
			name = Frameworks;
			sourceTree = "<group>";
		};
/* End PBXGroup section */

/* Begin PBXNativeTarget section */
		4D3BA5EE27E9ECEE003F799E /* CovidStats */ = {
			isa = PBXNativeTarget;
			buildConfigurationList = 4D3BA60227E9ECF2003F799E /* Build configuration list for PBXNativeTarget "CovidStats" */;
			buildPhases = (
				4748A35641629C82C42EA6FE /* [CP] Check Pods Manifest.lock */,
				4D3BA5EB27E9ECEE003F799E /* Sources */,
				4D3BA5EC27E9ECEE003F799E /* Frameworks */,
				4D3BA5ED27E9ECEE003F799E /* Resources */,
				30392201845554BA27D56493 /* [CP] Embed Pods Frameworks */,
			);
			buildRules = (
			);
			dependencies = (
			);
			name = CovidStats;
			productName = CovidStats;
			productReference = 4D3BA5EF27E9ECEE003F799E /* CovidStats.app */;
			productType = "com.apple.product-type.application";
		};
/* End PBXNativeTarget section */

/* Begin PBXProject section */
		4D3BA5E727E9ECEE003F799E /* Project object */ = {
			isa = PBXProject;
			attributes = {
				BuildIndependentTargetsInParallel = 1;
				LastSwiftUpdateCheck = 1330;
				LastUpgradeCheck = 1330;
				TargetAttributes = {
					4D3BA5EE27E9ECEE003F799E = {
						CreatedOnToolsVersion = 13.3;
					};
				};
			};
			buildConfigurationList = 4D3BA5EA27E9ECEE003F799E /* Build configuration list for PBXProject "CovidStats" */;
			compatibilityVersion = "Xcode 13.0";
			developmentRegion = en;
			hasScannedForEncodings = 0;
			knownRegions = (
				en,
				Base,
			);
			mainGroup = 4D3BA5E627E9ECEE003F799E;
			productRefGroup = 4D3BA5F027E9ECEE003F799E /* Products */;
			projectDirPath = "";
			projectRoot = "";
			targets = (
				4D3BA5EE27E9ECEE003F799E /* CovidStats */,
			);
		};
/* End PBXProject section */

/* Begin PBXResourcesBuildPhase section */
		4D3BA5ED27E9ECEE003F799E /* Resources */ = {
			isa = PBXResourcesBuildPhase;
			buildActionMask = 2147483647;
			files = (
				4D3BA5FA27E9ECF2003F799E /* Preview Assets.xcassets in Resources */,
				4D3BA5F727E9ECF2003F799E /* Assets.xcassets in Resources */,
			);
			runOnlyForDeploymentPostprocessing = 0;
		};
/* End PBXResourcesBuildPhase section */

/* Begin PBXShellScriptBuildPhase section */
		30392201845554BA27D56493 /* [CP] Embed Pods Frameworks */ = {
			isa = PBXShellScriptBuildPhase;
			buildActionMask = 2147483647;
			files = (
			);
			inputFileListPaths = (
				"${PODS_ROOT}/Target Support Files/Pods-CovidStats/Pods-CovidStats-frameworks-${CONFIGURATION}-input-files.xcfilelist",
			);
			name = "[CP] Embed Pods Frameworks";
			outputFileListPaths = (
				"${PODS_ROOT}/Target Support Files/Pods-CovidStats/Pods-CovidStats-frameworks-${CONFIGURATION}-output-files.xcfilelist",
			);
			runOnlyForDeploymentPostprocessing = 0;
			shellPath = /bin/sh;
			shellScript = "\"${PODS_ROOT}/Target Support Files/Pods-CovidStats/Pods-CovidStats-frameworks.sh\"\n";
			showEnvVarsInLog = 0;
		};
		4748A35641629C82C42EA6FE /* [CP] Check Pods Manifest.lock */ = {
			isa = PBXShellScriptBuildPhase;
			buildActionMask = 2147483647;
			files = (
			);
			inputFileListPaths = (
			);
			inputPaths = (
				"${PODS_PODFILE_DIR_PATH}/Podfile.lock",
				"${PODS_ROOT}/Manifest.lock",
			);
			name = "[CP] Check Pods Manifest.lock";
			outputFileListPaths = (
			);
			outputPaths = (
				"$(DERIVED_FILE_DIR)/Pods-CovidStats-checkManifestLockResult.txt",
			);
			runOnlyForDeploymentPostprocessing = 0;
			shellPath = /bin/sh;
			shellScript = "diff \"${PODS_PODFILE_DIR_PATH}/Podfile.lock\" \"${PODS_ROOT}/Manifest.lock\" > /dev/null\nif [ $? != 0 ] ; then\n    # print error to STDERR\n    echo \"error: The sandbox is not in sync with the Podfile.lock. Run 'pod install' or update your CocoaPods installation.\" >&2\n    exit 1\nfi\n# This output is used by Xcode 'outputs' to avoid re-running this script phase.\necho \"SUCCESS\" > \"${SCRIPT_OUTPUT_FILE_0}\"\n";
			showEnvVarsInLog = 0;
		};
/* End PBXShellScriptBuildPhase section */

/* Begin PBXSourcesBuildPhase section */
		4D3BA5EB27E9ECEE003F799E /* Sources */ = {
			isa = PBXSourcesBuildPhase;
			buildActionMask = 2147483647;
			files = (
				4D3BA61027EA0249003F799E /* Region.swift in Sources */,
				4D3BA61327EA04EC003F799E /* Report.swift in Sources */,
				4D3BA60627E9EFBA003F799E /* CovidFetchRequest.swift in Sources */,
				4D3BA60E27E9FDC5003F799E /* CustomError.swift in Sources */,
				4D3BA5FC27E9ECF2003F799E /* Persistence.swift in Sources */,
				4D3BA5F527E9ECEE003F799E /* ContentView.swift in Sources */,
				4D3BA5F327E9ECEE003F799E /* CovidStatsApp.swift in Sources */,
				4D3BA60C27E9FC7D003F799E /* TotalData.swift in Sources */,
				4D3BA60A27E9FAF0003F799E /* APIService.swift in Sources */,
				4D3BA5FF27E9ECF2003F799E /* CovidStats.xcdatamodeld in Sources */,
			);
			runOnlyForDeploymentPostprocessing = 0;
		};
/* End PBXSourcesBuildPhase section */

/* Begin XCBuildConfiguration section */
		4D3BA60027E9ECF2003F799E /* Debug */ = {
			isa = XCBuildConfiguration;
			buildSettings = {
				ALWAYS_SEARCH_USER_PATHS = NO;
				CLANG_ANALYZER_NONNULL = YES;
				CLANG_ANALYZER_NUMBER_OBJECT_CONVERSION = YES_AGGRESSIVE;
				CLANG_CXX_LANGUAGE_STANDARD = "gnu++17";
				CLANG_ENABLE_MODULES = YES;
				CLANG_ENABLE_OBJC_ARC = YES;
				CLANG_ENABLE_OBJC_WEAK = YES;
				CLANG_WARN_BLOCK_CAPTURE_AUTORELEASING = YES;
				CLANG_WARN_BOOL_CONVERSION = YES;
				CLANG_WARN_COMMA = YES;
				CLANG_WARN_CONSTANT_CONVERSION = YES;
				CLANG_WARN_DEPRECATED_OBJC_IMPLEMENTATIONS = YES;
				CLANG_WARN_DIRECT_OBJC_ISA_USAGE = YES_ERROR;
				CLANG_WARN_DOCUMENTATION_COMMENTS = YES;
				CLANG_WARN_EMPTY_BODY = YES;
				CLANG_WARN_ENUM_CONVERSION = YES;
				CLANG_WARN_INFINITE_RECURSION = YES;
				CLANG_WARN_INT_CONVERSION = YES;
				CLANG_WARN_NON_LITERAL_NULL_CONVERSION = YES;
				CLANG_WARN_OBJC_IMPLICIT_RETAIN_SELF = YES;
				CLANG_WARN_OBJC_LITERAL_CONVERSION = YES;
				CLANG_WARN_OBJC_ROOT_CLASS = YES_ERROR;
				CLANG_WARN_QUOTED_INCLUDE_IN_FRAMEWORK_HEADER = YES;
				CLANG_WARN_RANGE_LOOP_ANALYSIS = YES;
				CLANG_WARN_STRICT_PROTOTYPES = YES;
				CLANG_WARN_SUSPICIOUS_MOVE = YES;
				CLANG_WARN_UNGUARDED_AVAILABILITY = YES_AGGRESSIVE;
				CLANG_WARN_UNREACHABLE_CODE = YES;
				CLANG_WARN__DUPLICATE_METHOD_MATCH = YES;
				COPY_PHASE_STRIP = NO;
				DEBUG_INFORMATION_FORMAT = dwarf;
				ENABLE_STRICT_OBJC_MSGSEND = YES;
				ENABLE_TESTABILITY = YES;
				GCC_C_LANGUAGE_STANDARD = gnu11;
				GCC_DYNAMIC_NO_PIC = NO;
				GCC_NO_COMMON_BLOCKS = YES;
				GCC_OPTIMIZATION_LEVEL = 0;
				GCC_PREPROCESSOR_DEFINITIONS = (
					"DEBUG=1",
					"$(inherited)",
				);
				GCC_WARN_64_TO_32_BIT_CONVERSION = YES;
				GCC_WARN_ABOUT_RETURN_TYPE = YES_ERROR;
				GCC_WARN_UNDECLARED_SELECTOR = YES;
				GCC_WARN_UNINITIALIZED_AUTOS = YES_AGGRESSIVE;
				GCC_WARN_UNUSED_FUNCTION = YES;
				GCC_WARN_UNUSED_VARIABLE = YES;
				IPHONEOS_DEPLOYMENT_TARGET = 15.4;
				MTL_ENABLE_DEBUG_INFO = INCLUDE_SOURCE;
				MTL_FAST_MATH = YES;
				ONLY_ACTIVE_ARCH = YES;
				SDKROOT = iphoneos;
				SWIFT_ACTIVE_COMPILATION_CONDITIONS = DEBUG;
				SWIFT_OPTIMIZATION_LEVEL = "-Onone";
			};
			name = Debug;
		};
		4D3BA60127E9ECF2003F799E /* Release */ = {
			isa = XCBuildConfiguration;
			buildSettings = {
				ALWAYS_SEARCH_USER_PATHS = NO;
				CLANG_ANALYZER_NONNULL = YES;
				CLANG_ANALYZER_NUMBER_OBJECT_CONVERSION = YES_AGGRESSIVE;
				CLANG_CXX_LANGUAGE_STANDARD = "gnu++17";
				CLANG_ENABLE_MODULES = YES;
				CLANG_ENABLE_OBJC_ARC = YES;
				CLANG_ENABLE_OBJC_WEAK = YES;
				CLANG_WARN_BLOCK_CAPTURE_AUTORELEASING = YES;
				CLANG_WARN_BOOL_CONVERSION = YES;
				CLANG_WARN_COMMA = YES;
				CLANG_WARN_CONSTANT_CONVERSION = YES;
				CLANG_WARN_DEPRECATED_OBJC_IMPLEMENTATIONS = YES;
				CLANG_WARN_DIRECT_OBJC_ISA_USAGE = YES_ERROR;
				CLANG_WARN_DOCUMENTATION_COMMENTS = YES;
				CLANG_WARN_EMPTY_BODY = YES;
				CLANG_WARN_ENUM_CONVERSION = YES;
				CLANG_WARN_INFINITE_RECURSION = YES;
				CLANG_WARN_INT_CONVERSION = YES;
				CLANG_WARN_NON_LITERAL_NULL_CONVERSION = YES;
				CLANG_WARN_OBJC_IMPLICIT_RETAIN_SELF = YES;
				CLANG_WARN_OBJC_LITERAL_CONVERSION = YES;
				CLANG_WARN_OBJC_ROOT_CLASS = YES_ERROR;
				CLANG_WARN_QUOTED_INCLUDE_IN_FRAMEWORK_HEADER = YES;
				CLANG_WARN_RANGE_LOOP_ANALYSIS = YES;
				CLANG_WARN_STRICT_PROTOTYPES = YES;
				CLANG_WARN_SUSPICIOUS_MOVE = YES;
				CLANG_WARN_UNGUARDED_AVAILABILITY = YES_AGGRESSIVE;
				CLANG_WARN_UNREACHABLE_CODE = YES;
				CLANG_WARN__DUPLICATE_METHOD_MATCH = YES;
				COPY_PHASE_STRIP = NO;
				DEBUG_INFORMATION_FORMAT = "dwarf-with-dsym";
				ENABLE_NS_ASSERTIONS = NO;
				ENABLE_STRICT_OBJC_MSGSEND = YES;
				GCC_C_LANGUAGE_STANDARD = gnu11;
				GCC_NO_COMMON_BLOCKS = YES;
				GCC_WARN_64_TO_32_BIT_CONVERSION = YES;
				GCC_WARN_ABOUT_RETURN_TYPE = YES_ERROR;
				GCC_WARN_UNDECLARED_SELECTOR = YES;
				GCC_WARN_UNINITIALIZED_AUTOS = YES_AGGRESSIVE;
				GCC_WARN_UNUSED_FUNCTION = YES;
				GCC_WARN_UNUSED_VARIABLE = YES;
				IPHONEOS_DEPLOYMENT_TARGET = 15.4;
				MTL_ENABLE_DEBUG_INFO = NO;
				MTL_FAST_MATH = YES;
				SDKROOT = iphoneos;
				SWIFT_COMPILATION_MODE = wholemodule;
				SWIFT_OPTIMIZATION_LEVEL = "-O";
				VALIDATE_PRODUCT = YES;
			};
			name = Release;
		};
		4D3BA60327E9ECF2003F799E /* Debug */ = {
			isa = XCBuildConfiguration;
			baseConfigurationReference = F6881483FCFBF673609696CA /* Pods-CovidStats.debug.xcconfig */;
			buildSettings = {
				ASSETCATALOG_COMPILER_APPICON_NAME = AppIcon;
				ASSETCATALOG_COMPILER_GLOBAL_ACCENT_COLOR_NAME = AccentColor;
				CODE_SIGN_STYLE = Automatic;
				CURRENT_PROJECT_VERSION = 1;
				DEVELOPMENT_ASSET_PATHS = "\"CovidStats/Preview Content\"";
				DEVELOPMENT_TEAM = 254G68X5D9;
				ENABLE_PREVIEWS = YES;
				GENERATE_INFOPLIST_FILE = YES;
				INFOPLIST_KEY_UIApplicationSceneManifest_Generation = YES;
				INFOPLIST_KEY_UIApplicationSupportsIndirectInputEvents = YES;
				INFOPLIST_KEY_UILaunchScreen_Generation = YES;
				INFOPLIST_KEY_UISupportedInterfaceOrientations_iPad = "UIInterfaceOrientationPortrait UIInterfaceOrientationPortraitUpsideDown UIInterfaceOrientationLandscapeLeft UIInterfaceOrientationLandscapeRight";
				INFOPLIST_KEY_UISupportedInterfaceOrientations_iPhone = "UIInterfaceOrientationPortrait UIInterfaceOrientationLandscapeLeft UIInterfaceOrientationLandscapeRight";
				LD_RUNPATH_SEARCH_PATHS = (
					"$(inherited)",
					"@executable_path/Frameworks",
				);
				MARKETING_VERSION = 1.0;
				PRODUCT_BUNDLE_IDENTIFIER = com.gritup.CovidStats;
				PRODUCT_NAME = "$(TARGET_NAME)";
				SWIFT_EMIT_LOC_STRINGS = YES;
				SWIFT_VERSION = 5.0;
				TARGETED_DEVICE_FAMILY = "1,2";
			};
			name = Debug;
		};
		4D3BA60427E9ECF2003F799E /* Release */ = {
			isa = XCBuildConfiguration;
			baseConfigurationReference = 96200931A202D034F054FE74 /* Pods-CovidStats.release.xcconfig */;
			buildSettings = {
				ASSETCATALOG_COMPILER_APPICON_NAME = AppIcon;
				ASSETCATALOG_COMPILER_GLOBAL_ACCENT_COLOR_NAME = AccentColor;
				CODE_SIGN_STYLE = Automatic;
				CURRENT_PROJECT_VERSION = 1;
				DEVELOPMENT_ASSET_PATHS = "\"CovidStats/Preview Content\"";
				DEVELOPMENT_TEAM = 254G68X5D9;
				ENABLE_PREVIEWS = YES;
				GENERATE_INFOPLIST_FILE = YES;
				INFOPLIST_KEY_UIApplicationSceneManifest_Generation = YES;
				INFOPLIST_KEY_UIApplicationSupportsIndirectInputEvents = YES;
				INFOPLIST_KEY_UILaunchScreen_Generation = YES;
				INFOPLIST_KEY_UISupportedInterfaceOrientations_iPad = "UIInterfaceOrientationPortrait UIInterfaceOrientationPortraitUpsideDown UIInterfaceOrientationLandscapeLeft UIInterfaceOrientationLandscapeRight";
				INFOPLIST_KEY_UISupportedInterfaceOrientations_iPhone = "UIInterfaceOrientationPortrait UIInterfaceOrientationLandscapeLeft UIInterfaceOrientationLandscapeRight";
				LD_RUNPATH_SEARCH_PATHS = (
					"$(inherited)",
					"@executable_path/Frameworks",
				);
				MARKETING_VERSION = 1.0;
				PRODUCT_BUNDLE_IDENTIFIER = com.gritup.CovidStats;
				PRODUCT_NAME = "$(TARGET_NAME)";
				SWIFT_EMIT_LOC_STRINGS = YES;
				SWIFT_VERSION = 5.0;
				TARGETED_DEVICE_FAMILY = "1,2";
			};
			name = Release;
		};
/* End XCBuildConfiguration section */

/* Begin XCConfigurationList section */
		4D3BA5EA27E9ECEE003F799E /* Build configuration list for PBXProject "CovidStats" */ = {
			isa = XCConfigurationList;
			buildConfigurations = (
				4D3BA60027E9ECF2003F799E /* Debug */,
				4D3BA60127E9ECF2003F799E /* Release */,
			);
			defaultConfigurationIsVisible = 0;
			defaultConfigurationName = Release;
		};
		4D3BA60227E9ECF2003F799E /* Build configuration list for PBXNativeTarget "CovidStats" */ = {
			isa = XCConfigurationList;
			buildConfigurations = (
				4D3BA60327E9ECF2003F799E /* Debug */,
				4D3BA60427E9ECF2003F799E /* Release */,
			);
			defaultConfigurationIsVisible = 0;
			defaultConfigurationName = Release;
		};
/* End XCConfigurationList section */

/* Begin XCVersionGroup section */
		4D3BA5FD27E9ECF2003F799E /* CovidStats.xcdatamodeld */ = {
			isa = XCVersionGroup;
			children = (
				4D3BA5FE27E9ECF2003F799E /* CovidStats.xcdatamodel */,
			);
			currentVersion = 4D3BA5FE27E9ECF2003F799E /* CovidStats.xcdatamodel */;
			path = CovidStats.xcdatamodeld;
			sourceTree = "<group>";
			versionGroupType = wrapper.xcdatamodel;
		};
/* End XCVersionGroup section */
	};
	rootObject = 4D3BA5E727E9ECEE003F799E /* Project object */;
}
