// !$*UTF8*$!
{
	archiveVersion = 1;
	classes = {
	};
	objectVersion = 55;
	objects = {

/* Begin PBXBuildFile section */
		4D022A0C27EB1E8A00EF9582 /* ReportView.swift in Sources */ = {isa = PBXBuildFile; fileRef = 4D022A0B27EB1E8A00EF9582 /* ReportView.swift */; };
		4D022A0E27EB23D300EF9582 /* LocalFileManager.swift in Sources */ = {isa = PBXBuildFile; fileRef = 4D022A0D27EB23D300EF9582 /* LocalFileManager.swift */; };
		4D022A1027EBD4E700EF9582 /* AlertItem.swift in Sources */ = {isa = PBXBuildFile; fileRef = 4D022A0F27EBD4E700EF9582 /* AlertItem.swift */; };
		4D3BA5F327E9ECEE003F799E /* CovidStatsApp.swift in Sources */ = {isa = PBXBuildFile; fileRef = 4D3BA5F227E9ECEE003F799E /* CovidStatsApp.swift */; };
		4D3BA5F527E9ECEE003F799E /* MainView.swift in Sources */ = {isa = PBXBuildFile; fileRef = 4D3BA5F427E9ECEE003F799E /* MainView.swift */; };
		4D3BA5F727E9ECF2003F799E /* Assets.xcassets in Resources */ = {isa = PBXBuildFile; fileRef = 4D3BA5F627E9ECF2003F799E /* Assets.xcassets */; };
		4D3BA5FA27E9ECF2003F799E /* Preview Assets.xcassets in Resources */ = {isa = PBXBuildFile; fileRef = 4D3BA5F927E9ECF2003F799E /* Preview Assets.xcassets */; };
		4D3BA60A27E9FAF0003F799E /* APIService.swift in Sources */ = {isa = PBXBuildFile; fileRef = 4D3BA60927E9FAF0003F799E /* APIService.swift */; };
		4D3BA60C27E9FC7D003F799E /* TotalData.swift in Sources */ = {isa = PBXBuildFile; fileRef = 4D3BA60B27E9FC7D003F799E /* TotalData.swift */; };
		4D3BA60E27E9FDC5003F799E /* CustomError.swift in Sources */ = {isa = PBXBuildFile; fileRef = 4D3BA60D27E9FDC5003F799E /* CustomError.swift */; };
		4D3BA61027EA0249003F799E /* Region.swift in Sources */ = {isa = PBXBuildFile; fileRef = 4D3BA60F27EA0249003F799E /* Region.swift */; };
		4D3BA61327EA04EC003F799E /* Report.swift in Sources */ = {isa = PBXBuildFile; fileRef = 4D3BA61227EA04EC003F799E /* Report.swift */; };
		4DCFAEB427EA801E000B5BF1 /* MainViewModel.swift in Sources */ = {isa = PBXBuildFile; fileRef = 4DCFAEB327EA801E000B5BF1 /* MainViewModel.swift */; };
		4DCFAEB727EA84D4000B5BF1 /* TotalDataView.swift in Sources */ = {isa = PBXBuildFile; fileRef = 4DCFAEB627EA84D4000B5BF1 /* TotalDataView.swift */; };
		4DCFAEBA27EA84F0000B5BF1 /* DataCardView.swift in Sources */ = {isa = PBXBuildFile; fileRef = 4DCFAEB927EA84F0000B5BF1 /* DataCardView.swift */; };
		4DCFAEBC27EA88AF000B5BF1 /* Extension+Int.swift in Sources */ = {isa = PBXBuildFile; fileRef = 4DCFAEBB27EA88AF000B5BF1 /* Extension+Int.swift */; };
		4DCFAEBF27EA8E98000B5BF1 /* SearchBarView.swift in Sources */ = {isa = PBXBuildFile; fileRef = 4DCFAEBE27EA8E98000B5BF1 /* SearchBarView.swift */; };
		4DCFAEC127EA90B3000B5BF1 /* CountryDetailView.swift in Sources */ = {isa = PBXBuildFile; fileRef = 4DCFAEC027EA90B3000B5BF1 /* CountryDetailView.swift */; };
		4DCFAEC427EA911E000B5BF1 /* CountryDetailViewModel.swift in Sources */ = {isa = PBXBuildFile; fileRef = 4DCFAEC327EA911E000B5BF1 /* CountryDetailViewModel.swift */; };
/* End PBXBuildFile section */

/* Begin PBXFileReference section */
		4D022A0B27EB1E8A00EF9582 /* ReportView.swift */ = {isa = PBXFileReference; lastKnownFileType = sourcecode.swift; path = ReportView.swift; sourceTree = "<group>"; };
		4D022A0D27EB23D300EF9582 /* LocalFileManager.swift */ = {isa = PBXFileReference; lastKnownFileType = sourcecode.swift; path = LocalFileManager.swift; sourceTree = "<group>"; };
		4D022A0F27EBD4E700EF9582 /* AlertItem.swift */ = {isa = PBXFileReference; lastKnownFileType = sourcecode.swift; path = AlertItem.swift; sourceTree = "<group>"; };
		4D3BA5EF27E9ECEE003F799E /* CovidStats.app */ = {isa = PBXFileReference; explicitFileType = wrapper.application; includeInIndex = 0; path = CovidStats.app; sourceTree = BUILT_PRODUCTS_DIR; };
		4D3BA5F227E9ECEE003F799E /* CovidStatsApp.swift */ = {isa = PBXFileReference; lastKnownFileType = sourcecode.swift; path = CovidStatsApp.swift; sourceTree = "<group>"; };
		4D3BA5F427E9ECEE003F799E /* MainView.swift */ = {isa = PBXFileReference; lastKnownFileType = sourcecode.swift; path = MainView.swift; sourceTree = "<group>"; };
		4D3BA5F627E9ECF2003F799E /* Assets.xcassets */ = {isa = PBXFileReference; lastKnownFileType = folder.assetcatalog; path = Assets.xcassets; sourceTree = "<group>"; };
		4D3BA5F927E9ECF2003F799E /* Preview Assets.xcassets */ = {isa = PBXFileReference; lastKnownFileType = folder.assetcatalog; path = "Preview Assets.xcassets"; sourceTree = "<group>"; };
		4D3BA60927E9FAF0003F799E /* APIService.swift */ = {isa = PBXFileReference; lastKnownFileType = sourcecode.swift; path = APIService.swift; sourceTree = "<group>"; };
		4D3BA60B27E9FC7D003F799E /* TotalData.swift */ = {isa = PBXFileReference; lastKnownFileType = sourcecode.swift; path = TotalData.swift; sourceTree = "<group>"; };
		4D3BA60D27E9FDC5003F799E /* CustomError.swift */ = {isa = PBXFileReference; lastKnownFileType = sourcecode.swift; path = CustomError.swift; sourceTree = "<group>"; };
		4D3BA60F27EA0249003F799E /* Region.swift */ = {isa = PBXFileReference; lastKnownFileType = sourcecode.swift; path = Region.swift; sourceTree = "<group>"; };
		4D3BA61227EA04EC003F799E /* Report.swift */ = {isa = PBXFileReference; lastKnownFileType = sourcecode.swift; path = Report.swift; sourceTree = "<group>"; };
		4DCFAEB327EA801E000B5BF1 /* MainViewModel.swift */ = {isa = PBXFileReference; lastKnownFileType = sourcecode.swift; path = MainViewModel.swift; sourceTree = "<group>"; };
		4DCFAEB627EA84D4000B5BF1 /* TotalDataView.swift */ = {isa = PBXFileReference; lastKnownFileType = sourcecode.swift; path = TotalDataView.swift; sourceTree = "<group>"; };
		4DCFAEB927EA84F0000B5BF1 /* DataCardView.swift */ = {isa = PBXFileReference; lastKnownFileType = sourcecode.swift; path = DataCardView.swift; sourceTree = "<group>"; };
		4DCFAEBB27EA88AF000B5BF1 /* Extension+Int.swift */ = {isa = PBXFileReference; lastKnownFileType = sourcecode.swift; path = "Extension+Int.swift"; sourceTree = "<group>"; };
		4DCFAEBE27EA8E98000B5BF1 /* SearchBarView.swift */ = {isa = PBXFileReference; lastKnownFileType = sourcecode.swift; path = SearchBarView.swift; sourceTree = "<group>"; };
		4DCFAEC027EA90B3000B5BF1 /* CountryDetailView.swift */ = {isa = PBXFileReference; lastKnownFileType = sourcecode.swift; path = CountryDetailView.swift; sourceTree = "<group>"; };
		4DCFAEC327EA911E000B5BF1 /* CountryDetailViewModel.swift */ = {isa = PBXFileReference; lastKnownFileType = sourcecode.swift; path = CountryDetailViewModel.swift; sourceTree = "<group>"; };
/* End PBXFileReference section */

/* Begin PBXFrameworksBuildPhase section */
		4D3BA5EC27E9ECEE003F799E /* Frameworks */ = {
			isa = PBXFrameworksBuildPhase;
			buildActionMask = 2147483647;
			files = (
			);
			runOnlyForDeploymentPostprocessing = 0;
		};
/* End PBXFrameworksBuildPhase section */

/* Begin PBXGroup section */
		4D3BA5E627E9ECEE003F799E = {
			isa = PBXGroup;
			children = (
				4D3BA5F127E9ECEE003F799E /* CovidStats */,
				4D3BA5F027E9ECEE003F799E /* Products */,
				F1274B540165D686406E83DA /* Frameworks */,
			);
			sourceTree = "<group>";
		};
		4D3BA5F027E9ECEE003F799E /* Products */ = {
			isa = PBXGroup;
			children = (
				4D3BA5EF27E9ECEE003F799E /* CovidStats.app */,
			);
			name = Products;
			sourceTree = "<group>";
		};
		4D3BA5F127E9ECEE003F799E /* CovidStats */ = {
			isa = PBXGroup;
			children = (
				4D3BA5F227E9ECEE003F799E /* CovidStatsApp.swift */,
				4DCFAEC227EA90CE000B5BF1 /* MainView */,
				4DCFAEBD27EA8E63000B5BF1 /* Extensions */,
				4DCFAEB827EA84DC000B5BF1 /* Views */,
				4DCFAEB527EA8051000B5BF1 /* ViewModel */,
				4D3BA61427EA0929003F799E /* NetWorking */,
				4D3BA61527EA0945003F799E /* Errors */,
				4D3BA61127EA0287003F799E /* Model */,
				4D3BA5F627E9ECF2003F799E /* Assets.xcassets */,
				4D3BA5F827E9ECF2003F799E /* Preview Content */,
			);
			path = CovidStats;
			sourceTree = "<group>";
		};
		4D3BA5F827E9ECF2003F799E /* Preview Content */ = {
			isa = PBXGroup;
			children = (
				4D3BA5F927E9ECF2003F799E /* Preview Assets.xcassets */,
			);
			path = "Preview Content";
			sourceTree = "<group>";
		};
		4D3BA61127EA0287003F799E /* Model */ = {
			isa = PBXGroup;
			children = (
				4D3BA60B27E9FC7D003F799E /* TotalData.swift */,
				4D3BA60F27EA0249003F799E /* Region.swift */,
				4D022A0F27EBD4E700EF9582 /* AlertItem.swift */,
				4D3BA61227EA04EC003F799E /* Report.swift */,
			);
			path = Model;
			sourceTree = "<group>";
		};
		4D3BA61427EA0929003F799E /* NetWorking */ = {
			isa = PBXGroup;
			children = (
				4D3BA60927E9FAF0003F799E /* APIService.swift */,
				4D022A0D27EB23D300EF9582 /* LocalFileManager.swift */,
			);
			path = NetWorking;
			sourceTree = "<group>";
		};
		4D3BA61527EA0945003F799E /* Errors */ = {
			isa = PBXGroup;
			children = (
				4D3BA60D27E9FDC5003F799E /* CustomError.swift */,
			);
			path = Errors;
			sourceTree = "<group>";
		};
		4DCFAEB527EA8051000B5BF1 /* ViewModel */ = {
			isa = PBXGroup;
			children = (
				4DCFAEC327EA911E000B5BF1 /* CountryDetailViewModel.swift */,
			);
			path = ViewModel;
			sourceTree = "<group>";
		};
		4DCFAEB827EA84DC000B5BF1 /* Views */ = {
			isa = PBXGroup;
			children = (
				4DCFAEC027EA90B3000B5BF1 /* CountryDetailView.swift */,
				4DCFAEBE27EA8E98000B5BF1 /* SearchBarView.swift */,
				4DCFAEB627EA84D4000B5BF1 /* TotalDataView.swift */,
				4D022A0B27EB1E8A00EF9582 /* ReportView.swift */,
				4DCFAEB927EA84F0000B5BF1 /* DataCardView.swift */,
			);
			path = Views;
			sourceTree = "<group>";
		};
		4DCFAEBD27EA8E63000B5BF1 /* Extensions */ = {
			isa = PBXGroup;
			children = (
				4DCFAEBB27EA88AF000B5BF1 /* Extension+Int.swift */,
			);
			path = Extensions;
			sourceTree = "<group>";
		};
		4DCFAEC227EA90CE000B5BF1 /* MainView */ = {
			isa = PBXGroup;
			children = (
				4D3BA5F427E9ECEE003F799E /* MainView.swift */,
				4DCFAEB327EA801E000B5BF1 /* MainViewModel.swift */,
			);
			path = MainView;
			sourceTree = "<group>";
		};
		F1274B540165D686406E83DA /* Frameworks */ = {
			isa = PBXGroup;
			children = (
			);
			name = Frameworks;
			sourceTree = "<group>";
		};
/* End PBXGroup section */

/* Begin PBXNativeTarget section */
		4D3BA5EE27E9ECEE003F799E /* CovidStats */ = {
			isa = PBXNativeTarget;
			buildConfigurationList = 4D3BA60227E9ECF2003F799E /* Build configuration list for PBXNativeTarget "CovidStats" */;
			buildPhases = (
				4D3BA5EB27E9ECEE003F799E /* Sources */,
				4D3BA5EC27E9ECEE003F799E /* Frameworks */,
				4D3BA5ED27E9ECEE003F799E /* Resources */,
			);
			buildRules = (
			);
			dependencies = (
			);
			name = CovidStats;
			productName = CovidStats;
			productReference = 4D3BA5EF27E9ECEE003F799E /* CovidStats.app */;
			productType = "com.apple.product-type.application";
		};
/* End PBXNativeTarget section */

/* Begin PBXProject section */
		4D3BA5E727E9ECEE003F799E /* Project object */ = {
			isa = PBXProject;
			attributes = {
				BuildIndependentTargetsInParallel = 1;
				LastSwiftUpdateCheck = 1330;
				LastUpgradeCheck = 1330;
				TargetAttributes = {
					4D3BA5EE27E9ECEE003F799E = {
						CreatedOnToolsVersion = 13.3;
					};
				};
			};
			buildConfigurationList = 4D3BA5EA27E9ECEE003F799E /* Build configuration list for PBXProject "CovidStats" */;
			compatibilityVersion = "Xcode 13.0";
			developmentRegion = en;
			hasScannedForEncodings = 0;
			knownRegions = (
				en,
				Base,
			);
			mainGroup = 4D3BA5E627E9ECEE003F799E;
			productRefGroup = 4D3BA5F027E9ECEE003F799E /* Products */;
			projectDirPath = "";
			projectRoot = "";
			targets = (
				4D3BA5EE27E9ECEE003F799E /* CovidStats */,
			);
		};
/* End PBXProject section */

/* Begin PBXResourcesBuildPhase section */
		4D3BA5ED27E9ECEE003F799E /* Resources */ = {
			isa = PBXResourcesBuildPhase;
			buildActionMask = 2147483647;
			files = (
				4D3BA5FA27E9ECF2003F799E /* Preview Assets.xcassets in Resources */,
				4D3BA5F727E9ECF2003F799E /* Assets.xcassets in Resources */,
			);
			runOnlyForDeploymentPostprocessing = 0;
		};
/* End PBXResourcesBuildPhase section */

/* Begin PBXSourcesBuildPhase section */
		4D3BA5EB27E9ECEE003F799E /* Sources */ = {
			isa = PBXSourcesBuildPhase;
			buildActionMask = 2147483647;
			files = (
				4DCFAEC427EA911E000B5BF1 /* CountryDetailViewModel.swift in Sources */,
				4D3BA61027EA0249003F799E /* Region.swift in Sources */,
				4D3BA61327EA04EC003F799E /* Report.swift in Sources */,
				4DCFAEBC27EA88AF000B5BF1 /* Extension+Int.swift in Sources */,
				4DCFAEC127EA90B3000B5BF1 /* CountryDetailView.swift in Sources */,
				4D022A0E27EB23D300EF9582 /* LocalFileManager.swift in Sources */,
				4D3BA60E27E9FDC5003F799E /* CustomError.swift in Sources */,
				4D3BA5F527E9ECEE003F799E /* MainView.swift in Sources */,
				4D3BA5F327E9ECEE003F799E /* CovidStatsApp.swift in Sources */,
				4D3BA60C27E9FC7D003F799E /* TotalData.swift in Sources */,
				4D3BA60A27E9FAF0003F799E /* APIService.swift in Sources */,
				4D022A1027EBD4E700EF9582 /* AlertItem.swift in Sources */,
				4DCFAEBF27EA8E98000B5BF1 /* SearchBarView.swift in Sources */,
				4D022A0C27EB1E8A00EF9582 /* ReportView.swift in Sources */,
				4DCFAEBA27EA84F0000B5BF1 /* DataCardView.swift in Sources */,
				4DCFAEB427EA801E000B5BF1 /* MainViewModel.swift in Sources */,
				4DCFAEB727EA84D4000B5BF1 /* TotalDataView.swift in Sources */,
			);
			runOnlyForDeploymentPostprocessing = 0;
		};
/* End PBXSourcesBuildPhase section */

/* Begin XCBuildConfiguration section */
		4D3BA60027E9ECF2003F799E /* Debug */ = {
			isa = XCBuildConfiguration;
			buildSettings = {
				ALWAYS_SEARCH_USER_PATHS = NO;
				CLANG_ANALYZER_NONNULL = YES;
				CLANG_ANALYZER_NUMBER_OBJECT_CONVERSION = YES_AGGRESSIVE;
				CLANG_CXX_LANGUAGE_STANDARD = "gnu++17";
				CLANG_ENABLE_MODULES = YES;
				CLANG_ENABLE_OBJC_ARC = YES;
				CLANG_ENABLE_OBJC_WEAK = YES;
				CLANG_WARN_BLOCK_CAPTURE_AUTORELEASING = YES;
				CLANG_WARN_BOOL_CONVERSION = YES;
				CLANG_WARN_COMMA = YES;
				CLANG_WARN_CONSTANT_CONVERSION = YES;
				CLANG_WARN_DEPRECATED_OBJC_IMPLEMENTATIONS = YES;
				CLANG_WARN_DIRECT_OBJC_ISA_USAGE = YES_ERROR;
				CLANG_WARN_DOCUMENTATION_COMMENTS = YES;
				CLANG_WARN_EMPTY_BODY = YES;
				CLANG_WARN_ENUM_CONVERSION = YES;
				CLANG_WARN_INFINITE_RECURSION = YES;
				CLANG_WARN_INT_CONVERSION = YES;
				CLANG_WARN_NON_LITERAL_NULL_CONVERSION = YES;
				CLANG_WARN_OBJC_IMPLICIT_RETAIN_SELF = YES;
				CLANG_WARN_OBJC_LITERAL_CONVERSION = YES;
				CLANG_WARN_OBJC_ROOT_CLASS = YES_ERROR;
				CLANG_WARN_QUOTED_INCLUDE_IN_FRAMEWORK_HEADER = YES;
				CLANG_WARN_RANGE_LOOP_ANALYSIS = YES;
				CLANG_WARN_STRICT_PROTOTYPES = YES;
				CLANG_WARN_SUSPICIOUS_MOVE = YES;
				CLANG_WARN_UNGUARDED_AVAILABILITY = YES_AGGRESSIVE;
				CLANG_WARN_UNREACHABLE_CODE = YES;
				CLANG_WARN__DUPLICATE_METHOD_MATCH = YES;
				COPY_PHASE_STRIP = NO;
				DEBUG_INFORMATION_FORMAT = dwarf;
				ENABLE_STRICT_OBJC_MSGSEND = YES;
				ENABLE_TESTABILITY = YES;
				GCC_C_LANGUAGE_STANDARD = gnu11;
				GCC_DYNAMIC_NO_PIC = NO;
				GCC_NO_COMMON_BLOCKS = YES;
				GCC_OPTIMIZATION_LEVEL = 0;
				GCC_PREPROCESSOR_DEFINITIONS = (
					"DEBUG=1",
					"$(inherited)",
				);
				GCC_WARN_64_TO_32_BIT_CONVERSION = YES;
				GCC_WARN_ABOUT_RETURN_TYPE = YES_ERROR;
				GCC_WARN_UNDECLARED_SELECTOR = YES;
				GCC_WARN_UNINITIALIZED_AUTOS = YES_AGGRESSIVE;
				GCC_WARN_UNUSED_FUNCTION = YES;
				GCC_WARN_UNUSED_VARIABLE = YES;
				IPHONEOS_DEPLOYMENT_TARGET = 15.4;
				MTL_ENABLE_DEBUG_INFO = INCLUDE_SOURCE;
				MTL_FAST_MATH = YES;
				ONLY_ACTIVE_ARCH = YES;
				SDKROOT = iphoneos;
				SWIFT_ACTIVE_COMPILATION_CONDITIONS = DEBUG;
				SWIFT_OPTIMIZATION_LEVEL = "-Onone";
			};
			name = Debug;
		};
		4D3BA60127E9ECF2003F799E /* Release */ = {
			isa = XCBuildConfiguration;
			buildSettings = {
				ALWAYS_SEARCH_USER_PATHS = NO;
				CLANG_ANALYZER_NONNULL = YES;
				CLANG_ANALYZER_NUMBER_OBJECT_CONVERSION = YES_AGGRESSIVE;
				CLANG_CXX_LANGUAGE_STANDARD = "gnu++17";
				CLANG_ENABLE_MODULES = YES;
				CLANG_ENABLE_OBJC_ARC = YES;
				CLANG_ENABLE_OBJC_WEAK = YES;
				CLANG_WARN_BLOCK_CAPTURE_AUTORELEASING = YES;
				CLANG_WARN_BOOL_CONVERSION = YES;
				CLANG_WARN_COMMA = YES;
				CLANG_WARN_CONSTANT_CONVERSION = YES;
				CLANG_WARN_DEPRECATED_OBJC_IMPLEMENTATIONS = YES;
				CLANG_WARN_DIRECT_OBJC_ISA_USAGE = YES_ERROR;
				CLANG_WARN_DOCUMENTATION_COMMENTS = YES;
				CLANG_WARN_EMPTY_BODY = YES;
				CLANG_WARN_ENUM_CONVERSION = YES;
				CLANG_WARN_INFINITE_RECURSION = YES;
				CLANG_WARN_INT_CONVERSION = YES;
				CLANG_WARN_NON_LITERAL_NULL_CONVERSION = YES;
				CLANG_WARN_OBJC_IMPLICIT_RETAIN_SELF = YES;
				CLANG_WARN_OBJC_LITERAL_CONVERSION = YES;
				CLANG_WARN_OBJC_ROOT_CLASS = YES_ERROR;
				CLANG_WARN_QUOTED_INCLUDE_IN_FRAMEWORK_HEADER = YES;
				CLANG_WARN_RANGE_LOOP_ANALYSIS = YES;
				CLANG_WARN_STRICT_PROTOTYPES = YES;
				CLANG_WARN_SUSPICIOUS_MOVE = YES;
				CLANG_WARN_UNGUARDED_AVAILABILITY = YES_AGGRESSIVE;
				CLANG_WARN_UNREACHABLE_CODE = YES;
				CLANG_WARN__DUPLICATE_METHOD_MATCH = YES;
				COPY_PHASE_STRIP = NO;
				DEBUG_INFORMATION_FORMAT = "dwarf-with-dsym";
				ENABLE_NS_ASSERTIONS = NO;
				ENABLE_STRICT_OBJC_MSGSEND = YES;
				GCC_C_LANGUAGE_STANDARD = gnu11;
				GCC_NO_COMMON_BLOCKS = YES;
				GCC_WARN_64_TO_32_BIT_CONVERSION = YES;
				GCC_WARN_ABOUT_RETURN_TYPE = YES_ERROR;
				GCC_WARN_UNDECLARED_SELECTOR = YES;
				GCC_WARN_UNINITIALIZED_AUTOS = YES_AGGRESSIVE;
				GCC_WARN_UNUSED_FUNCTION = YES;
				GCC_WARN_UNUSED_VARIABLE = YES;
				IPHONEOS_DEPLOYMENT_TARGET = 15.4;
				MTL_ENABLE_DEBUG_INFO = NO;
				MTL_FAST_MATH = YES;
				SDKROOT = iphoneos;
				SWIFT_COMPILATION_MODE = wholemodule;
				SWIFT_OPTIMIZATION_LEVEL = "-O";
				VALIDATE_PRODUCT = YES;
			};
			name = Release;
		};
		4D3BA60327E9ECF2003F799E /* Debug */ = {
			isa = XCBuildConfiguration;
			buildSettings = {
				ASSETCATALOG_COMPILER_APPICON_NAME = AppIcon;
				ASSETCATALOG_COMPILER_GLOBAL_ACCENT_COLOR_NAME = AccentColor;
				CODE_SIGN_STYLE = Automatic;
				CURRENT_PROJECT_VERSION = 1;
				DEVELOPMENT_ASSET_PATHS = "\"CovidStats/Preview Content\"";
				DEVELOPMENT_TEAM = 254G68X5D9;
				ENABLE_PREVIEWS = YES;
				GENERATE_INFOPLIST_FILE = YES;
				INFOPLIST_KEY_UIApplicationSceneManifest_Generation = YES;
				INFOPLIST_KEY_UIApplicationSupportsIndirectInputEvents = YES;
				INFOPLIST_KEY_UILaunchScreen_Generation = YES;
				INFOPLIST_KEY_UISupportedInterfaceOrientations_iPad = "UIInterfaceOrientationPortrait UIInterfaceOrientationPortraitUpsideDown UIInterfaceOrientationLandscapeLeft UIInterfaceOrientationLandscapeRight";
				INFOPLIST_KEY_UISupportedInterfaceOrientations_iPhone = "UIInterfaceOrientationPortrait UIInterfaceOrientationLandscapeLeft UIInterfaceOrientationLandscapeRight";
				LD_RUNPATH_SEARCH_PATHS = (
					"$(inherited)",
					"@executable_path/Frameworks",
				);
				MARKETING_VERSION = 1.0;
				PRODUCT_BUNDLE_IDENTIFIER = com.gritup.CovidStats;
				PRODUCT_NAME = "$(TARGET_NAME)";
				SWIFT_EMIT_LOC_STRINGS = YES;
				SWIFT_VERSION = 5.0;
				TARGETED_DEVICE_FAMILY = "1,2";
			};
			name = Debug;
		};
		4D3BA60427E9ECF2003F799E /* Release */ = {
			isa = XCBuildConfiguration;
			buildSettings = {
				ASSETCATALOG_COMPILER_APPICON_NAME = AppIcon;
				ASSETCATALOG_COMPILER_GLOBAL_ACCENT_COLOR_NAME = AccentColor;
				CODE_SIGN_STYLE = Automatic;
				CURRENT_PROJECT_VERSION = 1;
				DEVELOPMENT_ASSET_PATHS = "\"CovidStats/Preview Content\"";
				DEVELOPMENT_TEAM = 254G68X5D9;
				ENABLE_PREVIEWS = YES;
				GENERATE_INFOPLIST_FILE = YES;
				INFOPLIST_KEY_UIApplicationSceneManifest_Generation = YES;
				INFOPLIST_KEY_UIApplicationSupportsIndirectInputEvents = YES;
				INFOPLIST_KEY_UILaunchScreen_Generation = YES;
				INFOPLIST_KEY_UISupportedInterfaceOrientations_iPad = "UIInterfaceOrientationPortrait UIInterfaceOrientationPortraitUpsideDown UIInterfaceOrientationLandscapeLeft UIInterfaceOrientationLandscapeRight";
				INFOPLIST_KEY_UISupportedInterfaceOrientations_iPhone = "UIInterfaceOrientationPortrait UIInterfaceOrientationLandscapeLeft UIInterfaceOrientationLandscapeRight";
				LD_RUNPATH_SEARCH_PATHS = (
					"$(inherited)",
					"@executable_path/Frameworks",
				);
				MARKETING_VERSION = 1.0;
				PRODUCT_BUNDLE_IDENTIFIER = com.gritup.CovidStats;
				PRODUCT_NAME = "$(TARGET_NAME)";
				SWIFT_EMIT_LOC_STRINGS = YES;
				SWIFT_VERSION = 5.0;
				TARGETED_DEVICE_FAMILY = "1,2";
			};
			name = Release;
		};
/* End XCBuildConfiguration section */

/* Begin XCConfigurationList section */
		4D3BA5EA27E9ECEE003F799E /* Build configuration list for PBXProject "CovidStats" */ = {
			isa = XCConfigurationList;
			buildConfigurations = (
				4D3BA60027E9ECF2003F799E /* Debug */,
				4D3BA60127E9ECF2003F799E /* Release */,
			);
			defaultConfigurationIsVisible = 0;
			defaultConfigurationName = Release;
		};
		4D3BA60227E9ECF2003F799E /* Build configuration list for PBXNativeTarget "CovidStats" */ = {
			isa = XCConfigurationList;
			buildConfigurations = (
				4D3BA60327E9ECF2003F799E /* Debug */,
				4D3BA60427E9ECF2003F799E /* Release */,
			);
			defaultConfigurationIsVisible = 0;
			defaultConfigurationName = Release;
		};
/* End XCConfigurationList section */
	};
	rootObject = 4D3BA5E727E9ECEE003F799E /* Project object */;
}
